
Microsoft Visual Studio Solution File, Format Version 12.00
# Visual Studio 2017
Project("{FAE04EC0-301F-11D3-BF4B-00C04F79EFBC}") = "RandomMapGen", "RandomMapGen.csproj", "{70D5D3E2-241C-2FEA-4D4F-B927236DF2FB}"
EndProject
Global
	GlobalSection(SolutionConfigurationPlatforms) = preSolution
		Debug|Any CPU = Debug|Any CPU
		Release|Any CPU = Release|Any CPU
	EndGlobalSection
	GlobalSection(ProjectConfigurationPlatforms) = postSolution
		{70D5D3E2-241C-2FEA-4D4F-B927236DF2FB}.Debug|Any CPU.ActiveCfg = Debug|Any CPU
		{70D5D3E2-241C-2FEA-4D4F-B927236DF2FB}.Debug|Any CPU.Build.0 = Debug|Any CPU
		{70D5D3E2-241C-2FEA-4D4F-B927236DF2FB}.Release|Any CPU.ActiveCfg = Release|Any CPU
		{70D5D3E2-241C-2FEA-4D4F-B927236DF2FB}.Release|Any CPU.Build.0 = Release|Any CPU
	EndGlobalSection
	GlobalSection(SolutionProperties) = preSolution
		HideSolutionNode = FALSE
	EndGlobalSection
EndGlobal
